<?xml version='1.0' encoding='UTF-8' standalone='yes' ?>
<CodeBlocks_project_file>
	<FileVersion major='1' minor='6' />
	<Project>
		<Option title='MainDemo' />
		<Option pch_mode='2' />
		<Option compiler='gcc' />
		<Build>
			<Target title='default'>
				<Option output='bin/MainDemo' prefix_auto='1' extension_auto='1' />
				<Option working_dir='bin' />
				<Option type = '1' />
				<Option compiler='gcc' />
				<Option use_console_runner='0' />
			</Target>
		</Build>
		<Compiler>
			<Add option = '-std=c++11' />
			<Add option = '-m32' />
			<Add option = '-Wreturn-type' />
			<Add option = '-fno-rtti' />
			<Add option = '-fno-exceptions' />
			<Add option = '-g' />
			<Add option = '-Werror=return-type' />
			<Add option = '-DGZ_tCpcDos' />
			<Add option = '-DGZ_tDebug' />
			<Add option = '-DGZ_tNo_FreeType' />
			<Add option = '-DGZ_tTakeEmbedRcOnDrive' />
			<Add option = '-DGZ_tMonothread' />
			<Add option = '-DGZ_tOverplace=\"[Lib_GZ,Lib_GZ_CpcDos,Lib_GZ_OpenGL,Lib_Demo]\" ' />
			<Add directory = '../ExportCpp/' />
			<Add directory = '_Lib/GZE/Lib_GZ/' />
			<Add directory = '_Lib/GZE/' />
			<Add directory = '_Lib/GZE/SubLib_System/' />
		</Compiler>
		<Linker>
			<Add option = '-m32' />
			<Add option = '-static ' />
		</Linker>
		<Unit filename='MainDemo_BuildAll.cpp' />
		</Project>
	</CodeBlocks_project_file>
