<?xml version='1.0' encoding='UTF-8' standalone='yes' ?>
<CodeBlocks_project_file>
	<FileVersion major='1' minor='6' />
	<Project>
		<Option title='MainDemo' />
		<Option pch_mode='2' />
		<Option compiler='gcc' />
		<Build>
			<Target title='default'>
				<Option output='bin/MainDemo' prefix_auto='1' extension_auto='1' />
				<Option working_dir='bin' />
				<Option type = '1' />
				<Option compiler='gcc' />
				<Option use_console_runner='0' />
			</Target>
		</Build>
		<Compiler>
			<Add option = '-std=c++11' />
			<Add option = '-m32' />
			<Add option = '-Wreturn-type' />
			<Add option = '-fno-rtti' />
			<Add option = '-fno-exceptions' />
			<Add option = '-g' />
			<Add option = '-Werror=return-type' />
			<Add option = '-DGZ_tCpcDos' />
			<Add option = '-DGZ_tDebug' />
			<Add option = '-DGZ_tNo_FreeType' />
			<Add option = '-DGZ_tTakeEmbedRcOnDrive' />
			<Add option = '-DGZ_tMonothread' />
			<Add option = '-DGZ_tOverplace=\"[Lib_GZ,Lib_GZ_CpcDos,Lib_GZ_OpenGL,Lib_Demo]\" ' />
			<Add directory = '../ExportCpp/' />
			<Add directory = '_Lib/GZE/Lib_GZ/' />
			<Add directory = '_Lib/GZE/' />
			<Add directory = '_Lib/GZE/SubLib_System/' />
		</Compiler>
		<Linker>
			<Add option = '-m32' />
			<Add option = '-static ' />
		</Linker>
		<Unit filename='_Lib/GZE/SubLib_System/Lib_GZ_CpcDos/Sys/OpFile.cpp' />
		<Unit filename='_Lib/GZE/SubLib_System/Lib_GZ_CpcDos/Sys/OpFile.h' />
		<Unit filename='_Lib/GZE/Lib_GZ/Lib_GZ.cpp' />
		<Unit filename='_Lib/GZE/Lib_GZ/Lib_GZ.h' />
		<Unit filename='_Lib/GZE/SubLib_System/Lib_GZ_CpcDos/Lib_GZ_CpcDos.cpp' />
		<Unit filename='_Lib/GZE/SubLib_System/Lib_GZ_CpcDos/Lib_GZ_CpcDos.h' />
		<Unit filename='_Lib/GZE/SubLib_System/Lib_GZ_OpenGL/Lib_GZ_OpenGL.cpp' />
		<Unit filename='_Lib/GZE/SubLib_System/Lib_GZ_OpenGL/Lib_GZ_OpenGL.h' />
		<Unit filename='Lib_Demo/Lib_Demo.cpp' />
		<Unit filename='Lib_Demo/Lib_Demo.h' />
		<Unit filename='_Lib/GZE/Lib_GZ/DArray.cpp' />
		<Unit filename='_Lib/GZE/Lib_GZ/DArray.h' />
		<Unit filename='_Lib/GZE/Lib_GZ/DArray2.cpp' />
		<Unit filename='_Lib/GZE/Lib_GZ/DArray2.h' />
		<Unit filename='_Lib/GZE/Lib_GZ/DataArray.cpp' />
		<Unit filename='_Lib/GZE/Lib_GZ/DataArray.h' />
		<Unit filename='_Lib/GZE/Lib_GZ/Debugging.cpp' />
		<Unit filename='_Lib/GZE/Lib_GZ/Debugging.h' />
		<Unit filename='_Lib/GZE/Lib_GZ/Easing.cpp' />
		<Unit filename='_Lib/GZE/Lib_GZ/Easing.h' />
		<Unit filename='_Lib/GZE/Lib_GZ/Gate.cpp' />
		<Unit filename='_Lib/GZE/Lib_GZ/Gate.h' />
		<Unit filename='_Lib/GZE/Lib_GZ/Lib.cpp' />
		<Unit filename='_Lib/GZE/Lib_GZ/Lib.h' />
		<Unit filename='_Lib/GZE/Lib_GZ/Main.cpp' />
		<Unit filename='_Lib/GZE/Lib_GZ/Main.h' />
		<Unit filename='_Lib/GZE/Lib_GZ/Math.cpp' />
		<Unit filename='_Lib/GZE/Lib_GZ/Math.h' />
		<Unit filename='_Lib/GZE/Lib_GZ/QArray.cpp' />
		<Unit filename='_Lib/GZE/Lib_GZ/QArray.h' />
		<Unit filename='_Lib/GZE/Lib_GZ/Str.cpp' />
		<Unit filename='_Lib/GZE/Lib_GZ/Str.h' />
		<Unit filename='_Lib/GZE/Lib_GZ/StThread.cpp' />
		<Unit filename='_Lib/GZE/Lib_GZ/StThread.h' />
		<Unit filename='_Lib/GZE/Lib_GZ/Thread.cpp' />
		<Unit filename='_Lib/GZE/Lib_GZ/Thread.h' />
		<Unit filename='_Lib/GZE/Lib_GZ/ThreadExt.cpp' />
		<Unit filename='_Lib/GZE/Lib_GZ/ThreadExt.h' />
		<Unit filename='_Lib/GZE/Lib_GZ/ThreadList.cpp' />
		<Unit filename='_Lib/GZE/Lib_GZ/ThreadList.h' />
		<Unit filename='_Lib/GZE/Lib_GZ/utf8.cpp' />
		<Unit filename='_Lib/GZE/Lib_GZ/utf8.h' />
		<Unit filename='_Lib/GZE/Lib_GZ/Wrap/Image.cpp' />
		<Unit filename='_Lib/GZE/Lib_GZ/Wrap/Image.h' />
		<Unit filename='_Lib/GZE/Lib_GZ/SysUtils/glWin.cpp' />
		<Unit filename='_Lib/GZE/Lib_GZ/SysUtils/glWin.h' />
		<Unit filename='_Lib/GZE/Lib_GZ/Lib/SFF/stb_image.cpp' />
		<Unit filename='_Lib/GZE/Lib_GZ/Lib/SFF/stb_image.h' />
		<Unit filename='_Lib/GZE/Lib_GZ/Sys/Debug.cpp' />
		<Unit filename='_Lib/GZE/Lib_GZ/Sys/Debug.h' />
		<Unit filename='_Lib/GZE/Lib_GZ/Class.cpp' />
		<Unit filename='_Lib/GZE/Lib_GZ/Class.h' />
		<Unit filename='_Lib/GZE/Lib_GZ/ThreadMsg.cpp' />
		<Unit filename='_Lib/GZE/Lib_GZ/ThreadMsg.h' />
		<Unit filename='_Lib/GZE/SubLib_System/Lib_GZ_CpcDos/Sys/OpContext.cpp' />
		<Unit filename='_Lib/GZE/SubLib_System/Lib_GZ_CpcDos/Sys/OpContext.h' />
		<Unit filename='_Lib/GZE/Lib_GZ/Gpu/Gpu.cpp' />
		<Unit filename='_Lib/GZE/Lib_GZ/Gpu/Gpu.h' />
		<Unit filename='_Lib/GZE/Lib_GZ/Gpu/GpuInfo.cpp' />
		<Unit filename='_Lib/GZE/Lib_GZ/Gpu/GpuInfo.h' />
		<Unit filename='_Lib/GZE/Lib_GZ/Gfx/Interface.cpp' />
		<Unit filename='_Lib/GZE/Lib_GZ/Gfx/Interface.h' />
		<Unit filename='_Lib/GZE/Lib_GZ/Gfx/Root.cpp' />
		<Unit filename='_Lib/GZE/Lib_GZ/Gfx/Root.h' />
		<Unit filename='_Lib/GZE/Lib_GZ/Gfx/Dispacher.cpp' />
		<Unit filename='_Lib/GZE/Lib_GZ/Gfx/Dispacher.h' />
		<Unit filename='_Lib/GZE/Lib_GZ/Gfx/Object.cpp' />
		<Unit filename='_Lib/GZE/Lib_GZ/Gfx/Object.h' />
		<Unit filename='_Lib/GZE/Lib_GZ/Gfx/Attribute.cpp' />
		<Unit filename='_Lib/GZE/Lib_GZ/Gfx/Attribute.h' />
		<Unit filename='_Lib/GZE/Lib_GZ/Gfx/Pixel.cpp' />
		<Unit filename='_Lib/GZE/Lib_GZ/Gfx/Pixel.h' />
		<Unit filename='_Lib/GZE/Lib_GZ/Gfx/Shape.cpp' />
		<Unit filename='_Lib/GZE/Lib_GZ/Gfx/Shape.h' />
		<Unit filename='_Lib/GZE/Lib_GZ/Gfx/Buffer.cpp' />
		<Unit filename='_Lib/GZE/Lib_GZ/Gfx/Buffer.h' />
		<Unit filename='_Lib/GZE/Lib_GZ/Gfx/Perspective.cpp' />
		<Unit filename='_Lib/GZE/Lib_GZ/Gfx/Perspective.h' />
		<Unit filename='_Lib/GZE/Lib_GZ/Gpu/GpuObj/GpuBuffer.cpp' />
		<Unit filename='_Lib/GZE/Lib_GZ/Gpu/GpuObj/GpuBuffer.h' />
		<Unit filename='_Lib/GZE/Lib_GZ/Gpu/ShaderBase/ProgramShader.cpp' />
		<Unit filename='_Lib/GZE/Lib_GZ/Gpu/ShaderBase/ProgramShader.h' />
		<Unit filename='_Lib/GZE/Lib_GZ/Gpu/ShaderBase/ShaderBase.cpp' />
		<Unit filename='_Lib/GZE/Lib_GZ/Gpu/ShaderBase/ShaderBase.h' />
		<Unit filename='_Lib/GZE/Lib_GZ/Gpu/Base/Attribute.cpp' />
		<Unit filename='_Lib/GZE/Lib_GZ/Gpu/Base/Attribute.h' />
		<Unit filename='_Lib/GZE/Lib_GZ/Gpu/ShaderBase/Vbo.cpp' />
		<Unit filename='_Lib/GZE/Lib_GZ/Gpu/ShaderBase/Vbo.h' />
		<Unit filename='_Lib/GZE/Lib_GZ/Gpu/Base/Uniform.cpp' />
		<Unit filename='_Lib/GZE/Lib_GZ/Gpu/Base/Uniform.h' />
		<Unit filename='_Lib/GZE/Lib_GZ/Gpu/GpuObj/GpuObject.cpp' />
		<Unit filename='_Lib/GZE/Lib_GZ/Gpu/GpuObj/GpuObject.h' />
		<Unit filename='_Lib/GZE/Lib_GZ/Gfx/Face.cpp' />
		<Unit filename='_Lib/GZE/Lib_GZ/Gfx/Face.h' />
		<Unit filename='_Lib/GZE/Lib_GZ/Gfx/Triangle.cpp' />
		<Unit filename='_Lib/GZE/Lib_GZ/Gfx/Triangle.h' />
		<Unit filename='_Lib/GZE/Lib_GZ/Base/Pt.cpp' />
		<Unit filename='_Lib/GZE/Lib_GZ/Base/Pt.h' />
		<Unit filename='_Lib/GZE/Lib_GZ/Base/Vec3.cpp' />
		<Unit filename='_Lib/GZE/Lib_GZ/Base/Vec3.h' />
		<Unit filename='_Lib/GZE/Lib_GZ/Base/Quaternion.cpp' />
		<Unit filename='_Lib/GZE/Lib_GZ/Base/Quaternion.h' />
		<Unit filename='_Lib/GZE/Lib_GZ/Base/Vec4.cpp' />
		<Unit filename='_Lib/GZE/Lib_GZ/Base/Vec4.h' />
		<Unit filename='_Lib/GZE/Lib_GZ/Base/Vec2.cpp' />
		<Unit filename='_Lib/GZE/Lib_GZ/Base/Vec2.h' />
		<Unit filename='_Lib/GZE/Lib_GZ/Gpu/GpuObj/GpuFace.cpp' />
		<Unit filename='_Lib/GZE/Lib_GZ/Gpu/GpuObj/GpuFace.h' />
		<Unit filename='_Lib/GZE/Lib_GZ/File/RcImg.cpp' />
		<Unit filename='_Lib/GZE/Lib_GZ/File/RcImg.h' />
		<Unit filename='_Lib/GZE/Lib_GZ/Sys/System.cpp' />
		<Unit filename='_Lib/GZE/Lib_GZ/Sys/System.h' />
		<Unit filename='_Lib/GZE/Lib_GZ/File/Resource.cpp' />
		<Unit filename='_Lib/GZE/Lib_GZ/File/Resource.h' />
		<Unit filename='_Lib/GZE/Lib_GZ/Sys/File.cpp' />
		<Unit filename='_Lib/GZE/Lib_GZ/Sys/File.h' />
		<Unit filename='_Lib/GZE/Lib_GZ/Base/PtA.cpp' />
		<Unit filename='_Lib/GZE/Lib_GZ/Base/PtA.h' />
		<Unit filename='_Lib/GZE/Lib_GZ/Base/Poly4.cpp' />
		<Unit filename='_Lib/GZE/Lib_GZ/Base/Poly4.h' />
		<Unit filename='_Lib/GZE/Lib_GZ/Sys/Window.cpp' />
		<Unit filename='_Lib/GZE/Lib_GZ/Sys/Window.h' />
		<Unit filename='_Lib/GZE/Lib_GZ/Input/Key.cpp' />
		<Unit filename='_Lib/GZE/Lib_GZ/Input/Key.h' />
		<Unit filename='_Lib/GZE/Lib_GZ/Gfx/GlobalData.cpp' />
		<Unit filename='_Lib/GZE/Lib_GZ/Gfx/GlobalData.h' />
		<Unit filename='_Lib/GZE/Lib_GZ/Sys/FrameRate.cpp' />
		<Unit filename='_Lib/GZE/Lib_GZ/Sys/FrameRate.h' />
		<Unit filename='_Lib/GZE/Lib_GZ/Sys/Context.cpp' />
		<Unit filename='_Lib/GZE/Lib_GZ/Sys/Context.h' />
		<Unit filename='_Lib/GZE/Lib_GZ/Sys/Message/ContextCreated.cpp' />
		<Unit filename='_Lib/GZE/Lib_GZ/Sys/Message/ContextCreated.h' />
		<Unit filename='_Lib/GZE/Lib_GZ/Sys/ContextHandle.cpp' />
		<Unit filename='_Lib/GZE/Lib_GZ/Sys/ContextHandle.h' />
		<Unit filename='_Lib/GZE/Lib_GZ/Sys/Message/ContextLink.cpp' />
		<Unit filename='_Lib/GZE/Lib_GZ/Sys/Message/ContextLink.h' />
		<Unit filename='_Lib/GZE/Lib_GZ/Base/Dim.cpp' />
		<Unit filename='_Lib/GZE/Lib_GZ/Base/Dim.h' />
		<Unit filename='_Lib/GZE/Lib_GZ/Sys/Message/MousePos.cpp' />
		<Unit filename='_Lib/GZE/Lib_GZ/Sys/Message/MousePos.h' />
		<Unit filename='_Lib/GZE/Lib_GZ/Sys/Message/Blit.cpp' />
		<Unit filename='_Lib/GZE/Lib_GZ/Sys/Message/Blit.h' />
		<Unit filename='_Lib/GZE/Lib_GZ/Sys/Message/BlitComplete.cpp' />
		<Unit filename='_Lib/GZE/Lib_GZ/Sys/Message/BlitComplete.h' />
		<Unit filename='_Lib/GZE/Lib_GZ/Gfx/Clip/Rectangle.cpp' />
		<Unit filename='_Lib/GZE/Lib_GZ/Gfx/Clip/Rectangle.h' />
		<Unit filename='_Lib/GZE/Lib_GZ/Sys/ThreadItf.cpp' />
		<Unit filename='_Lib/GZE/Lib_GZ/Sys/ThreadItf.h' />
		<Unit filename='_Lib/GZE/Lib_GZ/Sys/ThreadObj.cpp' />
		<Unit filename='_Lib/GZE/Lib_GZ/Sys/ThreadObj.h' />
		<Unit filename='_Lib/GZE/SubLib_System/Lib_GZ_CpcDos/Sys/OpContextHandle.cpp' />
		<Unit filename='_Lib/GZE/SubLib_System/Lib_GZ_CpcDos/Sys/OpContextHandle.h' />
		<Unit filename='_Lib/GZE/SubLib_System/Lib_GZ_CpcDos/Sys/OpDebug.cpp' />
		<Unit filename='_Lib/GZE/SubLib_System/Lib_GZ_CpcDos/Sys/OpDebug.h' />
		<Unit filename='_Lib/GZE/SubLib_System/Lib_GZ_CpcDos/Sys/OpSystem.cpp' />
		<Unit filename='_Lib/GZE/SubLib_System/Lib_GZ_CpcDos/Sys/OpSystem.h' />
		<Unit filename='_Lib/GZE/SubLib_System/Lib_GZ_OpenGL/OpenGL.cpp' />
		<Unit filename='_Lib/GZE/SubLib_System/Lib_GZ_OpenGL/OpenGL.h' />
		<Unit filename='_Lib/GZE/SubLib_System/Lib_GZ_OpenGL/Base/OpAttribute.cpp' />
		<Unit filename='_Lib/GZE/SubLib_System/Lib_GZ_OpenGL/Base/OpAttribute.h' />
		<Unit filename='_Lib/GZE/SubLib_System/Lib_GZ_OpenGL/OpGpuInfo.cpp' />
		<Unit filename='_Lib/GZE/SubLib_System/Lib_GZ_OpenGL/OpGpuInfo.h' />
		<Unit filename='_Lib/GZE/SubLib_System/Lib_GZ_OpenGL/Base/OpUnVec2.cpp' />
		<Unit filename='_Lib/GZE/SubLib_System/Lib_GZ_OpenGL/Base/OpUnVec2.h' />
		<Unit filename='_Lib/GZE/Lib_GZ/Gpu/Base/UnVec2.cpp' />
		<Unit filename='_Lib/GZE/Lib_GZ/Gpu/Base/UnVec2.h' />
		<Unit filename='_Lib/GZE/SubLib_System/Lib_GZ_OpenGL/GpuObj/OpGpuBatch.cpp' />
		<Unit filename='_Lib/GZE/SubLib_System/Lib_GZ_OpenGL/GpuObj/OpGpuBatch.h' />
		<Unit filename='_Lib/GZE/Lib_GZ/Gpu/GpuObj/GpuBatch.cpp' />
		<Unit filename='_Lib/GZE/Lib_GZ/Gpu/GpuObj/GpuBatch.h' />
		<Unit filename='_Lib/GZE/SubLib_System/Lib_GZ_OpenGL/GpuObj/OpGpuBuffer.cpp' />
		<Unit filename='_Lib/GZE/SubLib_System/Lib_GZ_OpenGL/GpuObj/OpGpuBuffer.h' />
		<Unit filename='_Lib/GZE/SubLib_System/Lib_GZ_OpenGL/GpuObj/OpGpuFace.cpp' />
		<Unit filename='_Lib/GZE/SubLib_System/Lib_GZ_OpenGL/GpuObj/OpGpuFace.h' />
		<Unit filename='_Lib/GZE/SubLib_System/Lib_GZ_OpenGL/ShaderBase/OpFragmentShader.cpp' />
		<Unit filename='_Lib/GZE/SubLib_System/Lib_GZ_OpenGL/ShaderBase/OpFragmentShader.h' />
		<Unit filename='_Lib/GZE/Lib_GZ/Gpu/ShaderBase/FragmentShader.cpp' />
		<Unit filename='_Lib/GZE/Lib_GZ/Gpu/ShaderBase/FragmentShader.h' />
		<Unit filename='_Lib/GZE/SubLib_System/Lib_GZ_OpenGL/ShaderBase/OpProgramShader.cpp' />
		<Unit filename='_Lib/GZE/SubLib_System/Lib_GZ_OpenGL/ShaderBase/OpProgramShader.h' />
		<Unit filename='_Lib/GZE/SubLib_System/Lib_GZ_OpenGL/ShaderBase/OpVbo.cpp' />
		<Unit filename='_Lib/GZE/SubLib_System/Lib_GZ_OpenGL/ShaderBase/OpVbo.h' />
		<Unit filename='_Lib/GZE/SubLib_System/Lib_GZ_OpenGL/ShaderBase/OpVertexShader.cpp' />
		<Unit filename='_Lib/GZE/SubLib_System/Lib_GZ_OpenGL/ShaderBase/OpVertexShader.h' />
		<Unit filename='_Lib/GZE/Lib_GZ/Gpu/ShaderBase/VertexShader.cpp' />
		<Unit filename='_Lib/GZE/Lib_GZ/Gpu/ShaderBase/VertexShader.h' />
		<Unit filename='_Lib/GZE/SubLib_System/Lib_GZ_OpenGL/OpGpu.cpp' />
		<Unit filename='_Lib/GZE/SubLib_System/Lib_GZ_OpenGL/OpGpu.h' />
		<Unit filename='_Lib/GZE/Lib_GZ/Gpu/ShaderModel/GzModel/GzShModel.cpp' />
		<Unit filename='_Lib/GZE/Lib_GZ/Gpu/ShaderModel/GzModel/GzShModel.h' />
		<Unit filename='_Lib/GZE/Lib_GZ/Base/Perspective.cpp' />
		<Unit filename='_Lib/GZE/Lib_GZ/Base/Perspective.h' />
		<Unit filename='_Lib/GZE/Lib_GZ/Base/Mat4x4.cpp' />
		<Unit filename='_Lib/GZE/Lib_GZ/Base/Mat4x4.h' />
		<Unit filename='_Lib/GZE/Lib_GZ/Base/Mat3x4.cpp' />
		<Unit filename='_Lib/GZE/Lib_GZ/Base/Mat3x4.h' />
		<Unit filename='_Lib/GZE/Lib_GZ/Base/Mat2x4.cpp' />
		<Unit filename='_Lib/GZE/Lib_GZ/Base/Mat2x4.h' />
		<Unit filename='_Lib/GZE/Lib_GZ/Base/Mat1x4.cpp' />
		<Unit filename='_Lib/GZE/Lib_GZ/Base/Mat1x4.h' />
		<Unit filename='_Lib/GZE/Lib_GZ/Base/TestPod.cpp' />
		<Unit filename='_Lib/GZE/Lib_GZ/Base/TestPod.h' />
		<Unit filename='_Lib/GZE/Lib_GZ/Base/TestPod2.cpp' />
		<Unit filename='_Lib/GZE/Lib_GZ/Base/TestPod2.h' />
		<Unit filename='Lib_Demo/MainEntry.cpp' />
		<Unit filename='Lib_Demo/MainEntry.h' />
		<Unit filename='Lib_Demo/MainInterface.cpp' />
		<Unit filename='Lib_Demo/MainInterface.h' />
		<Unit filename='_Lib/GZE/Lib_GZ/Gfx/Clip/Img.cpp' />
		<Unit filename='_Lib/GZE/Lib_GZ/Gfx/Clip/Img.h' />
		<Unit filename='_Lib/GZE/Lib_GZ/Gfx/Clip.cpp' />
		<Unit filename='_Lib/GZE/Lib_GZ/Gfx/Clip.h' />
		<Unit filename='Lib_Demo/Screen/DemoRoll.cpp' />
		<Unit filename='Lib_Demo/Screen/DemoRoll.h' />
		<Unit filename='_Lib/GZE/Lib_GZ/Rc/RcEngine/Slider/AlphaMenu_png.cpp' />
		<Unit filename='_Lib/GZE/Lib_GZ/Rc/RcEngine/Slider/AlphaMenu_png.h' />
		<Unit filename='_Lib/GZE/Lib_GZ/Rc/RcEngine/Slider/Border_png.cpp' />
		<Unit filename='_Lib/GZE/Lib_GZ/Rc/RcEngine/Slider/Border_png.h' />
		<Unit filename='_Lib/GZE/Lib_GZ/Rc/RcEngine/Slider/BrightnessMenu_png.cpp' />
		<Unit filename='_Lib/GZE/Lib_GZ/Rc/RcEngine/Slider/BrightnessMenu_png.h' />
		<Unit filename='_Lib/GZE/Lib_GZ/Rc/RcEngine/Slider/Corner_png.cpp' />
		<Unit filename='_Lib/GZE/Lib_GZ/Rc/RcEngine/Slider/Corner_png.h' />
		<Unit filename='_Lib/GZE/Lib_GZ/Rc/RcEngine/Slider/ReverseMenu_png.cpp' />
		<Unit filename='_Lib/GZE/Lib_GZ/Rc/RcEngine/Slider/ReverseMenu_png.h' />
		<Unit filename='_Lib/GZE/Lib_GZ/Rc/RcEngine/Slider/Skew_png.cpp' />
		<Unit filename='_Lib/GZE/Lib_GZ/Rc/RcEngine/Slider/Skew_png.h' />
		<Unit filename='_Lib/GZE/Lib_GZ/Rc/RcEngine/Slider/Slider_png.cpp' />
		<Unit filename='_Lib/GZE/Lib_GZ/Rc/RcEngine/Slider/Slider_png.h' />
		<Unit filename='_Lib/GZE/Lib_GZ/Rc/RcEngine/Slider/SliderBack_png.cpp' />
		<Unit filename='_Lib/GZE/Lib_GZ/Rc/RcEngine/Slider/SliderBack_png.h' />
		<Unit filename='_Lib/GZE/Lib_GZ/Rc/RcEngine/Slider/SliderBackNP_png.cpp' />
		<Unit filename='_Lib/GZE/Lib_GZ/Rc/RcEngine/Slider/SliderBackNP_png.h' />
		<Unit filename='_Lib/GZE/Lib_GZ/Rc/RcEngine/Slider/SliderBackP_png.cpp' />
		<Unit filename='_Lib/GZE/Lib_GZ/Rc/RcEngine/Slider/SliderBackP_png.h' />
		<Unit filename='_Lib/GZE/Lib_GZ/Rc/RcEngine/Slider/SliderBack_2_png.cpp' />
		<Unit filename='_Lib/GZE/Lib_GZ/Rc/RcEngine/Slider/SliderBack_2_png.h' />
		<Unit filename='_Lib/GZE/Lib_GZ/Rc/RcEngine/Slider/SliderFill_png.cpp' />
		<Unit filename='_Lib/GZE/Lib_GZ/Rc/RcEngine/Slider/SliderFill_png.h' />
		<Unit filename='_Lib/GZE/Lib_GZ/Rc/RcEngine/Slider/More/AlphaMenu_png.cpp' />
		<Unit filename='_Lib/GZE/Lib_GZ/Rc/RcEngine/Slider/More/AlphaMenu_png.h' />
		<Unit filename='_Lib/GZE/Lib_GZ/Rc/RcEngine/Slider/More/Border_png.cpp' />
		<Unit filename='_Lib/GZE/Lib_GZ/Rc/RcEngine/Slider/More/Border_png.h' />
		<Unit filename='_Lib/GZE/Lib_GZ/Rc/RcEngine/Arrow_png.cpp' />
		<Unit filename='_Lib/GZE/Lib_GZ/Rc/RcEngine/Arrow_png.h' />
		<Unit filename='_Lib/GZE/Lib_GZ/Rc/RcEngine/Transform_png.cpp' />
		<Unit filename='_Lib/GZE/Lib_GZ/Rc/RcEngine/Transform_png.h' />
		<Unit filename='_Lib/GZE/Lib_GZ/Rc/RcEngine/Transform2_png.cpp' />
		<Unit filename='_Lib/GZE/Lib_GZ/Rc/RcEngine/Transform2_png.h' />
		<Unit filename='_Lib/GZE/Lib_GZ/Rc/RcEngine/_RcList.cpp' />
		<Unit filename='_Lib/GZE/Lib_GZ/Rc/RcEngine/_RcList.h' />
		</Project>
	</CodeBlocks_project_file>
