<?xml version="1.0" encoding="UTF-8" standalone="yes" ?>
<CodeBlocks_project_file>
	<FileVersion major="1" minor="6" />
	<Project>
		<Option title="ExeLoader" />
		<Option pch_mode="2" />
		<Option compiler="tdm_x64" />
		<Build>
			<Target title="Debug">
				<Option output="bin/Debug/ExeLoader" prefix_auto="1" extension_auto="1" />
				<Option working_dir="bin/Debug" />
				<Option object_output="obj/Debug/" />
				<Option type="1" />
				<Option compiler="tdm_x64" />
				<Option parameters="app.exe" />
				<Compiler>
					<Add option="-g" />
					<Add option="-DUseWinFunc" />
				</Compiler>
			</Target>
			<Target title="Release">
				<Option output="bin/Release/ExeLoader" prefix_auto="1" extension_auto="1" />
				<Option working_dir="bin/Release/" />
				<Option object_output="obj/Release/" />
				<Option type="1" />
				<Option compiler="tdm_x64" />
				<Option parameters="app.exe" />
				<Compiler>
					<Add option="-O2" />
					<Add option="-DUseWinFunc" />
				</Compiler>
				<Linker>
					<Add option="-s" />
				</Linker>
			</Target>
			<Target title="NoWnFunction">
				<Option output="bin/Debug/ExeLoader" prefix_auto="1" extension_auto="1" />
				<Option working_dir="bin/Debug" />
				<Option object_output="obj/Debug/" />
				<Option type="1" />
				<Option compiler="tdm_x64" />
				<Option parameters="app.exe" />
				<Compiler>
					<Add option="-g" />
				</Compiler>
			</Target>
		</Build>
		<Compiler>
			<Add option="-Wall" />
			<Add option="-std=c++11" />
			<Add option="-m32" />
			<Add option="-fexceptions" />
			<Add option="-DImWin" />
			<Add directory="../ExeLoader" />
		</Compiler>
		<ResourceCompiler>
			<Add option="-I ." />
		</ResourceCompiler>
		<Linker>
			<Add option="-m32" />
			<Add option="-lgdi32" />
		</Linker>
		<Unit filename="CPC_WPR.h" />
		<Unit filename="CpcDosFuncTable.h" />
		<Unit filename="DummyTable.h" />
		<Unit filename="ExeLoader.cpp" />
		<Unit filename="FuncTable.h" />
		<Unit filename="Lib_GZ/Math.cpp" />
		<Unit filename="Lib_GZ/Str.cpp" />
		<Unit filename="Lib_GZ/utf8.cpp" />
		<Unit filename="MemoryModule.cpp" />
		<Unit filename="WinRemplaceFuncTable.h" />
		<Unit filename="win.h" />
		<Extensions>
			<code_completion />
			<envvars />
			<debugger />
			<lib_finder disable_auto="1" />
		</Extensions>
	</Project>
</CodeBlocks_project_file>
